
Microsoft Visual Studio Solution File, Format Version 12.00
# Visual Studio Version 16
VisualStudioVersion = 16.0.29215.179
MinimumVisualStudioVersion = 10.0.40219.1
Project("{FAE04EC0-301F-11D3-BF4B-00C04F79EFBC}") = "WebApplication3", "WebApplication3.csproj", "{49A93F78-6329-4258-91B1-B787B9794FBE}"
EndProject
Project("{FAE04EC0-301F-11D3-BF4B-00C04F79EFBC}") = "XUnitTestProject1", "..\XUnitTestProject1\XUnitTestProject1.csproj", "{0934EDFD-9592-47A9-9699-94E5F15FED60}"
EndProject
Global
	GlobalSection(SolutionConfigurationPlatforms) = preSolution
		Debug|Any CPU = Debug|Any CPU
		Release|Any CPU = Release|Any CPU
	EndGlobalSection
	GlobalSection(ProjectConfigurationPlatforms) = postSolution
		{49A93F78-6329-4258-91B1-B787B9794FBE}.Debug|Any CPU.ActiveCfg = Debug|Any CPU
		{49A93F78-6329-4258-91B1-B787B9794FBE}.Debug|Any CPU.Build.0 = Debug|Any CPU
		{49A93F78-6329-4258-91B1-B787B9794FBE}.Release|Any CPU.ActiveCfg = Release|Any CPU
		{49A93F78-6329-4258-91B1-B787B9794FBE}.Release|Any CPU.Build.0 = Release|Any CPU
		{0934EDFD-9592-47A9-9699-94E5F15FED60}.Debug|Any CPU.ActiveCfg = Debug|Any CPU
		{0934EDFD-9592-47A9-9699-94E5F15FED60}.Debug|Any CPU.Build.0 = Debug|Any CPU
		{0934EDFD-9592-47A9-9699-94E5F15FED60}.Release|Any CPU.ActiveCfg = Release|Any CPU
		{0934EDFD-9592-47A9-9699-94E5F15FED60}.Release|Any CPU.Build.0 = Release|Any CPU
	EndGlobalSection
	GlobalSection(SolutionProperties) = preSolution
		HideSolutionNode = FALSE
	EndGlobalSection
	GlobalSection(ExtensibilityGlobals) = postSolution
		SolutionGuid = {68E5E7A7-FE32-4460-84F0-1F5F46A424A3}
	EndGlobalSection
EndGlobal
